
Microsoft Visual Studio Solution File, Format Version 12.00
# Visual Studio Version 17
VisualStudioVersion = 17.3.32901.215
MinimumVisualStudioVersion = 10.0.40219.1
Project("{9A19103F-16F7-4668-BE54-9A1E7A4F7556}") = "Hunting.View", "Hunting.View\Hunting.View.csproj", "{60445F0E-359D-4490-8F06-D1000D25E898}"
EndProject
Project("{9A19103F-16F7-4668-BE54-9A1E7A4F7556}") = "Hunting.Persistence", "Hunting.Persistence\Hunting.Persistence.csproj", "{FB243E5B-B154-4130-BF58-41A95D5144E2}"
EndProject
Project("{9A19103F-16F7-4668-BE54-9A1E7A4F7556}") = "Hunting.Model", "Hunting.Model\Hunting.Model.csproj", "{2AC69747-BD08-4AE6-B809-E7CE0AA697B7}"
EndProject
Project("{9A19103F-16F7-4668-BE54-9A1E7A4F7556}") = "Hunting.Persistence.Text", "Hunting.Persistence.Text\Hunting.Persistence.Text.csproj", "{1099C095-D6A1-4FCD-9353-C512B379ADD4}"
EndProject
Project("{9A19103F-16F7-4668-BE54-9A1E7A4F7556}") = "Hunting.Test", "Hunting.Test\Hunting.Test.csproj", "{A57EA97A-973A-4719-926B-48D91A30FC09}"
EndProject
Project("{FAE04EC0-301F-11D3-BF4B-00C04F79EFBC}") = "Hunting.Presentation", "Hunting.Presentation\Hunting.Presentation.csproj", "{4D09C2C7-0421-4F48-BDB8-1A36A1AB01DB}"
EndProject
Global
	GlobalSection(SolutionConfigurationPlatforms) = preSolution
		Debug|Any CPU = Debug|Any CPU
		Release|Any CPU = Release|Any CPU
	EndGlobalSection
	GlobalSection(ProjectConfigurationPlatforms) = postSolution
		{60445F0E-359D-4490-8F06-D1000D25E898}.Debug|Any CPU.ActiveCfg = Debug|Any CPU
		{60445F0E-359D-4490-8F06-D1000D25E898}.Debug|Any CPU.Build.0 = Debug|Any CPU
		{60445F0E-359D-4490-8F06-D1000D25E898}.Release|Any CPU.ActiveCfg = Release|Any CPU
		{60445F0E-359D-4490-8F06-D1000D25E898}.Release|Any CPU.Build.0 = Release|Any CPU
		{FB243E5B-B154-4130-BF58-41A95D5144E2}.Debug|Any CPU.ActiveCfg = Debug|Any CPU
		{FB243E5B-B154-4130-BF58-41A95D5144E2}.Debug|Any CPU.Build.0 = Debug|Any CPU
		{FB243E5B-B154-4130-BF58-41A95D5144E2}.Release|Any CPU.ActiveCfg = Release|Any CPU
		{FB243E5B-B154-4130-BF58-41A95D5144E2}.Release|Any CPU.Build.0 = Release|Any CPU
		{2AC69747-BD08-4AE6-B809-E7CE0AA697B7}.Debug|Any CPU.ActiveCfg = Debug|Any CPU
		{2AC69747-BD08-4AE6-B809-E7CE0AA697B7}.Debug|Any CPU.Build.0 = Debug|Any CPU
		{2AC69747-BD08-4AE6-B809-E7CE0AA697B7}.Release|Any CPU.ActiveCfg = Release|Any CPU
		{2AC69747-BD08-4AE6-B809-E7CE0AA697B7}.Release|Any CPU.Build.0 = Release|Any CPU
		{1099C095-D6A1-4FCD-9353-C512B379ADD4}.Debug|Any CPU.ActiveCfg = Debug|Any CPU
		{1099C095-D6A1-4FCD-9353-C512B379ADD4}.Debug|Any CPU.Build.0 = Debug|Any CPU
		{1099C095-D6A1-4FCD-9353-C512B379ADD4}.Release|Any CPU.ActiveCfg = Release|Any CPU
		{1099C095-D6A1-4FCD-9353-C512B379ADD4}.Release|Any CPU.Build.0 = Release|Any CPU
		{A57EA97A-973A-4719-926B-48D91A30FC09}.Debug|Any CPU.ActiveCfg = Debug|Any CPU
		{A57EA97A-973A-4719-926B-48D91A30FC09}.Debug|Any CPU.Build.0 = Debug|Any CPU
		{A57EA97A-973A-4719-926B-48D91A30FC09}.Release|Any CPU.ActiveCfg = Release|Any CPU
		{A57EA97A-973A-4719-926B-48D91A30FC09}.Release|Any CPU.Build.0 = Release|Any CPU
		{4D09C2C7-0421-4F48-BDB8-1A36A1AB01DB}.Debug|Any CPU.ActiveCfg = Debug|Any CPU
		{4D09C2C7-0421-4F48-BDB8-1A36A1AB01DB}.Debug|Any CPU.Build.0 = Debug|Any CPU
		{4D09C2C7-0421-4F48-BDB8-1A36A1AB01DB}.Release|Any CPU.ActiveCfg = Release|Any CPU
		{4D09C2C7-0421-4F48-BDB8-1A36A1AB01DB}.Release|Any CPU.Build.0 = Release|Any CPU
	EndGlobalSection
	GlobalSection(SolutionProperties) = preSolution
		HideSolutionNode = FALSE
	EndGlobalSection
	GlobalSection(ExtensibilityGlobals) = postSolution
		SolutionGuid = {43166874-FFD8-4DB9-B323-229B5E28ACF4}
	EndGlobalSection
EndGlobal
